// !$*UTF8*$!
{
	archiveVersion = 1;
	classes = {
	};
	objectVersion = 50;
	objects = {

/* Begin PBXBuildFile section */
		41765B6B23D8448D00ADBDF3 /* AppDelegate.swift in Sources */ = {isa = PBXBuildFile; fileRef = 41765B6A23D8448D00ADBDF3 /* AppDelegate.swift */; };
		41765B6D23D8448D00ADBDF3 /* SceneDelegate.swift in Sources */ = {isa = PBXBuildFile; fileRef = 41765B6C23D8448D00ADBDF3 /* SceneDelegate.swift */; };
		41765B6F23D8448E00ADBDF3 /* ViewController.swift in Sources */ = {isa = PBXBuildFile; fileRef = 41765B6E23D8448E00ADBDF3 /* ViewController.swift */; };
		41765B7223D8448F00ADBDF3 /* Main.storyboard in Resources */ = {isa = PBXBuildFile; fileRef = 41765B7023D8448F00ADBDF3 /* Main.storyboard */; };
		41765B7523D8449000ADBDF3 /* TestRest.xcdatamodeld in Sources */ = {isa = PBXBuildFile; fileRef = 41765B7323D8449000ADBDF3 /* TestRest.xcdatamodeld */; };
		41765B7723D844D300ADBDF3 /* Assets.xcassets in Resources */ = {isa = PBXBuildFile; fileRef = 41765B7623D844D300ADBDF3 /* Assets.xcassets */; };
		41765B7A23D844D400ADBDF3 /* LaunchScreen.storyboard in Resources */ = {isa = PBXBuildFile; fileRef = 41765B7823D844D400ADBDF3 /* LaunchScreen.storyboard */; };
/* End PBXBuildFile section */

/* Begin PBXFileReference section */
		41765B6723D8448C00ADBDF3 /* TestRest.app */ = {isa = PBXFileReference; explicitFileType = wrapper.application; includeInIndex = 0; path = TestRest.app; sourceTree = BUILT_PRODUCTS_DIR; };
		41765B6A23D8448D00ADBDF3 /* AppDelegate.swift */ = {isa = PBXFileReference; lastKnownFileType = sourcecode.swift; path = AppDelegate.swift; sourceTree = "<group>"; };
		41765B6C23D8448D00ADBDF3 /* SceneDelegate.swift */ = {isa = PBXFileReference; lastKnownFileType = sourcecode.swift; path = SceneDelegate.swift; sourceTree = "<group>"; };
		41765B6E23D8448E00ADBDF3 /* ViewController.swift */ = {isa = PBXFileReference; lastKnownFileType = sourcecode.swift; path = ViewController.swift; sourceTree = "<group>"; };
		41765B7123D8448F00ADBDF3 /* Base */ = {isa = PBXFileReference; lastKnownFileType = file.storyboard; name = Base; path = Base.lproj/Main.storyboard; sourceTree = "<group>"; };
		41765B7423D8449000ADBDF3 /* TestRest.xcdatamodel */ = {isa = PBXFileReference; lastKnownFileType = wrapper.xcdatamodel; path = TestRest.xcdatamodel; sourceTree = "<group>"; };
		41765B7623D844D300ADBDF3 /* Assets.xcassets */ = {isa = PBXFileReference; lastKnownFileType = folder.assetcatalog; path = Assets.xcassets; sourceTree = "<group>"; };
		41765B7923D844D400ADBDF3 /* Base */ = {isa = PBXFileReference; lastKnownFileType = file.storyboard; name = Base; path = Base.lproj/LaunchScreen.storyboard; sourceTree = "<group>"; };
		41765B7B23D844D400ADBDF3 /* Info.plist */ = {isa = PBXFileReference; lastKnownFileType = text.plist.xml; path = Info.plist; sourceTree = "<group>"; };
/* End PBXFileReference section */

/* Begin PBXFrameworksBuildPhase section */
		41765B6423D8448C00ADBDF3 /* Frameworks */ = {
			isa = PBXFrameworksBuildPhase;
			buildActionMask = 2147483647;
			files = (
			);
			runOnlyForDeploymentPostprocessing = 0;
		};
/* End PBXFrameworksBuildPhase section */

/* Begin PBXGroup section */
		41765B5E23D8448C00ADBDF3 = {
			isa = PBXGroup;
			children = (
				41765B6923D8448C00ADBDF3 /* TestRest */,
				41765B6823D8448C00ADBDF3 /* Products */,
			);
			sourceTree = "<group>";
		};
		41765B6823D8448C00ADBDF3 /* Products */ = {
			isa = PBXGroup;
			children = (
				41765B6723D8448C00ADBDF3 /* TestRest.app */,
			);
			name = Products;
			sourceTree = "<group>";
		};
		41765B6923D8448C00ADBDF3 /* TestRest */ = {
			isa = PBXGroup;
			children = (
				41765B6A23D8448D00ADBDF3 /* AppDelegate.swift */,
				41765B6C23D8448D00ADBDF3 /* SceneDelegate.swift */,
				41765B6E23D8448E00ADBDF3 /* ViewController.swift */,
				41765B7023D8448F00ADBDF3 /* Main.storyboard */,
				41765B7623D844D300ADBDF3 /* Assets.xcassets */,
				41765B7823D844D400ADBDF3 /* LaunchScreen.storyboard */,
				41765B7B23D844D400ADBDF3 /* Info.plist */,
				41765B7323D8449000ADBDF3 /* TestRest.xcdatamodeld */,
			);
			path = TestRest;
			sourceTree = "<group>";
		};
/* End PBXGroup section */

/* Begin PBXNativeTarget section */
		41765B6623D8448C00ADBDF3 /* TestRest */ = {
			isa = PBXNativeTarget;
			buildConfigurationList = 41765B7E23D844D400ADBDF3 /* Build configuration list for PBXNativeTarget "TestRest" */;
			buildPhases = (
				41765B6323D8448C00ADBDF3 /* Sources */,
				41765B6423D8448C00ADBDF3 /* Frameworks */,
				41765B6523D8448C00ADBDF3 /* Resources */,
			);
			buildRules = (
			);
			dependencies = (
			);
			name = TestRest;
			productName = TestRest;
			productReference = 41765B6723D8448C00ADBDF3 /* TestRest.app */;
			productType = "com.apple.product-type.application";
		};
/* End PBXNativeTarget section */

/* Begin PBXProject section */
		41765B5F23D8448C00ADBDF3 /* Project object */ = {
			isa = PBXProject;
			attributes = {
				LastSwiftUpdateCheck = 1130;
				LastUpgradeCheck = 1130;
				ORGANIZATIONNAME = mobapp07;
				TargetAttributes = {
					41765B6623D8448C00ADBDF3 = {
						CreatedOnToolsVersion = 11.3;
					};
				};
			};
			buildConfigurationList = 41765B6223D8448C00ADBDF3 /* Build configuration list for PBXProject "TestRest" */;
			compatibilityVersion = "Xcode 9.3";
			developmentRegion = en;
			hasScannedForEncodings = 0;
			knownRegions = (
				en,
				Base,
			);
			mainGroup = 41765B5E23D8448C00ADBDF3;
			productRefGroup = 41765B6823D8448C00ADBDF3 /* Products */;
			projectDirPath = "";
			projectRoot = "";
			targets = (
				41765B6623D8448C00ADBDF3 /* TestRest */,
			);
		};
/* End PBXProject section */

/* Begin PBXResourcesBuildPhase section */
		41765B6523D8448C00ADBDF3 /* Resources */ = {
			isa = PBXResourcesBuildPhase;
			buildActionMask = 2147483647;
			files = (
				41765B7A23D844D400ADBDF3 /* LaunchScreen.storyboard in Resources */,
				41765B7723D844D300ADBDF3 /* Assets.xcassets in Resources */,
				41765B7223D8448F00ADBDF3 /* Main.storyboard in Resources */,
			);
			runOnlyForDeploymentPostprocessing = 0;
		};
/* End PBXResourcesBuildPhase section */

/* Begin PBXSourcesBuildPhase section */
		41765B6323D8448C00ADBDF3 /* Sources */ = {
			isa = PBXSourcesBuildPhase;
			buildActionMask = 2147483647;
			files = (
				41765B6F23D8448E00ADBDF3 /* ViewController.swift in Sources */,
				41765B6B23D8448D00ADBDF3 /* AppDelegate.swift in Sources */,
				41765B6D23D8448D00ADBDF3 /* SceneDelegate.swift in Sources */,
				41765B7523D8449000ADBDF3 /* TestRest.xcdatamodeld in Sources */,
			);
			runOnlyForDeploymentPostprocessing = 0;
		};
/* End PBXSourcesBuildPhase section */

/* Begin PBXVariantGroup section */
		41765B7023D8448F00ADBDF3 /* Main.storyboard */ = {
			isa = PBXVariantGroup;
			children = (
				41765B7123D8448F00ADBDF3 /* Base */,
			);
			name = Main.storyboard;
			sourceTree = "<group>";
		};
		41765B7823D844D400ADBDF3 /* LaunchScreen.storyboard */ = {
			isa = PBXVariantGroup;
			children = (
				41765B7923D844D400ADBDF3 /* Base */,
			);
			name = LaunchScreen.storyboard;
			sourceTree = "<group>";
		};
/* End PBXVariantGroup section */

/* Begin XCBuildConfiguration section */
		41765B7C23D844D400ADBDF3 /* Debug */ = {
			isa = XCBuildConfiguration;
			buildSettings = {
				ALWAYS_SEARCH_USER_PATHS = NO;
				CLANG_ANALYZER_NONNULL = YES;
				CLANG_ANALYZER_NUMBER_OBJECT_CONVERSION = YES_AGGRESSIVE;
				CLANG_CXX_LANGUAGE_STANDARD = "gnu++14";
				CLANG_CXX_LIBRARY = "libc++";
				CLANG_ENABLE_MODULES = YES;
				CLANG_ENABLE_OBJC_ARC = YES;
				CLANG_ENABLE_OBJC_WEAK = YES;
				CLANG_WARN_BLOCK_CAPTURE_AUTORELEASING = YES;
				CLANG_WARN_BOOL_CONVERSION = YES;
				CLANG_WARN_COMMA = YES;
				CLANG_WARN_CONSTANT_CONVERSION = YES;
				CLANG_WARN_DEPRECATED_OBJC_IMPLEMENTATIONS = YES;
				CLANG_WARN_DIRECT_OBJC_ISA_USAGE = YES_ERROR;
				CLANG_WARN_DOCUMENTATION_COMMENTS = YES;
				CLANG_WARN_EMPTY_BODY = YES;
				CLANG_WARN_ENUM_CONVERSION = YES;
				CLANG_WARN_INFINITE_RECURSION = YES;
				CLANG_WARN_INT_CONVERSION = YES;
				CLANG_WARN_NON_LITERAL_NULL_CONVERSION = YES;
				CLANG_WARN_OBJC_IMPLICIT_RETAIN_SELF = YES;
				CLANG_WARN_OBJC_LITERAL_CONVERSION = YES;
				CLANG_WARN_OBJC_ROOT_CLASS = YES_ERROR;
				CLANG_WARN_RANGE_LOOP_ANALYSIS = YES;
				CLANG_WARN_STRICT_PROTOTYPES = YES;
				CLANG_WARN_SUSPICIOUS_MOVE = YES;
				CLANG_WARN_UNGUARDED_AVAILABILITY = YES_AGGRESSIVE;
				CLANG_WARN_UNREACHABLE_CODE = YES;
				CLANG_WARN__DUPLICATE_METHOD_MATCH = YES;
				COPY_PHASE_STRIP = NO;
				DEBUG_INFORMATION_FORMAT = dwarf;
				ENABLE_STRICT_OBJC_MSGSEND = YES;
				ENABLE_TESTABILITY = YES;
				GCC_C_LANGUAGE_STANDARD = gnu11;
				GCC_DYNAMIC_NO_PIC = NO;
				GCC_NO_COMMON_BLOCKS = YES;
				GCC_OPTIMIZATION_LEVEL = 0;
				GCC_PREPROCESSOR_DEFINITIONS = (
					"DEBUG=1",
					"$(inherited)",
				);
				GCC_WARN_64_TO_32_BIT_CONVERSION = YES;
				GCC_WARN_ABOUT_RETURN_TYPE = YES_ERROR;
				GCC_WARN_UNDECLARED_SELECTOR = YES;
				GCC_WARN_UNINITIALIZED_AUTOS = YES_AGGRESSIVE;
				GCC_WARN_UNUSED_FUNCTION = YES;
				GCC_WARN_UNUSED_VARIABLE = YES;
				IPHONEOS_DEPLOYMENT_TARGET = 13.2;
				MTL_ENABLE_DEBUG_INFO = INCLUDE_SOURCE;
				MTL_FAST_MATH = YES;
				ONLY_ACTIVE_ARCH = YES;
				SDKROOT = iphoneos;
				SWIFT_ACTIVE_COMPILATION_CONDITIONS = DEBUG;
				SWIFT_OPTIMIZATION_LEVEL = "-Onone";
			};
			name = Debug;
		};
		41765B7D23D844D400ADBDF3 /* Release */ = {
			isa = XCBuildConfiguration;
			buildSettings = {
				ALWAYS_SEARCH_USER_PATHS = NO;
				CLANG_ANALYZER_NONNULL = YES;
				CLANG_ANALYZER_NUMBER_OBJECT_CONVERSION = YES_AGGRESSIVE;
				CLANG_CXX_LANGUAGE_STANDARD = "gnu++14";
				CLANG_CXX_LIBRARY = "libc++";
				CLANG_ENABLE_MODULES = YES;
				CLANG_ENABLE_OBJC_ARC = YES;
				CLANG_ENABLE_OBJC_WEAK = YES;
				CLANG_WARN_BLOCK_CAPTURE_AUTORELEASING = YES;
				CLANG_WARN_BOOL_CONVERSION = YES;
				CLANG_WARN_COMMA = YES;
				CLANG_WARN_CONSTANT_CONVERSION = YES;
				CLANG_WARN_DEPRECATED_OBJC_IMPLEMENTATIONS = YES;
				CLANG_WARN_DIRECT_OBJC_ISA_USAGE = YES_ERROR;
				CLANG_WARN_DOCUMENTATION_COMMENTS = YES;
				CLANG_WARN_EMPTY_BODY = YES;
				CLANG_WARN_ENUM_CONVERSION = YES;
				CLANG_WARN_INFINITE_RECURSION = YES;
				CLANG_WARN_INT_CONVERSION = YES;
				CLANG_WARN_NON_LITERAL_NULL_CONVERSION = YES;
				CLANG_WARN_OBJC_IMPLICIT_RETAIN_SELF = YES;
				CLANG_WARN_OBJC_LITERAL_CONVERSION = YES;
				CLANG_WARN_OBJC_ROOT_CLASS = YES_ERROR;
				CLANG_WARN_RANGE_LOOP_ANALYSIS = YES;
				CLANG_WARN_STRICT_PROTOTYPES = YES;
				CLANG_WARN_SUSPICIOUS_MOVE = YES;
				CLANG_WARN_UNGUARDED_AVAILABILITY = YES_AGGRESSIVE;
				CLANG_WARN_UNREACHABLE_CODE = YES;
				CLANG_WARN__DUPLICATE_METHOD_MATCH = YES;
				COPY_PHASE_STRIP = NO;
				DEBUG_INFORMATION_FORMAT = "dwarf-with-dsym";
				ENABLE_NS_ASSERTIONS = NO;
				ENABLE_STRICT_OBJC_MSGSEND = YES;
				GCC_C_LANGUAGE_STANDARD = gnu11;
				GCC_NO_COMMON_BLOCKS = YES;
				GCC_WARN_64_TO_32_BIT_CONVERSION = YES;
				GCC_WARN_ABOUT_RETURN_TYPE = YES_ERROR;
				GCC_WARN_UNDECLARED_SELECTOR = YES;
				GCC_WARN_UNINITIALIZED_AUTOS = YES_AGGRESSIVE;
				GCC_WARN_UNUSED_FUNCTION = YES;
				GCC_WARN_UNUSED_VARIABLE = YES;
				IPHONEOS_DEPLOYMENT_TARGET = 13.2;
				MTL_ENABLE_DEBUG_INFO = NO;
				MTL_FAST_MATH = YES;
				SDKROOT = iphoneos;
				SWIFT_COMPILATION_MODE = wholemodule;
				SWIFT_OPTIMIZATION_LEVEL = "-O";
				VALIDATE_PRODUCT = YES;
			};
			name = Release;
		};
		41765B7F23D844D400ADBDF3 /* Debug */ = {
			isa = XCBuildConfiguration;
			buildSettings = {
				ASSETCATALOG_COMPILER_APPICON_NAME = AppIcon;
				CODE_SIGN_STYLE = Automatic;
				INFOPLIST_FILE = TestRest/Info.plist;
				LD_RUNPATH_SEARCH_PATHS = (
					"$(inherited)",
					"@executable_path/Frameworks",
				);
				PRODUCT_BUNDLE_IDENTIFIER = be.ehb.TestRest;
				PRODUCT_NAME = "$(TARGET_NAME)";
				SWIFT_VERSION = 5.0;
				TARGETED_DEVICE_FAMILY = 1;
			};
			name = Debug;
		};
		41765B8023D844D400ADBDF3 /* Release */ = {
			isa = XCBuildConfiguration;
			buildSettings = {
				ASSETCATALOG_COMPILER_APPICON_NAME = AppIcon;
				CODE_SIGN_STYLE = Automatic;
				INFOPLIST_FILE = TestRest/Info.plist;
				LD_RUNPATH_SEARCH_PATHS = (
					"$(inherited)",
					"@executable_path/Frameworks",
				);
				PRODUCT_BUNDLE_IDENTIFIER = be.ehb.TestRest;
				PRODUCT_NAME = "$(TARGET_NAME)";
				SWIFT_VERSION = 5.0;
				TARGETED_DEVICE_FAMILY = 1;
			};
			name = Release;
		};
/* End XCBuildConfiguration section */

/* Begin XCConfigurationList section */
		41765B6223D8448C00ADBDF3 /* Build configuration list for PBXProject "TestRest" */ = {
			isa = XCConfigurationList;
			buildConfigurations = (
				41765B7C23D844D400ADBDF3 /* Debug */,
				41765B7D23D844D400ADBDF3 /* Release */,
			);
			defaultConfigurationIsVisible = 0;
			defaultConfigurationName = Release;
		};
		41765B7E23D844D400ADBDF3 /* Build configuration list for PBXNativeTarget "TestRest" */ = {
			isa = XCConfigurationList;
			buildConfigurations = (
				41765B7F23D844D400ADBDF3 /* Debug */,
				41765B8023D844D400ADBDF3 /* Release */,
			);
			defaultConfigurationIsVisible = 0;
			defaultConfigurationName = Release;
		};
/* End XCConfigurationList section */

/* Begin XCVersionGroup section */
		41765B7323D8449000ADBDF3 /* TestRest.xcdatamodeld */ = {
			isa = XCVersionGroup;
			children = (
				41765B7423D8449000ADBDF3 /* TestRest.xcdatamodel */,
			);
			currentVersion = 41765B7423D8449000ADBDF3 /* TestRest.xcdatamodel */;
			path = TestRest.xcdatamodeld;
			sourceTree = "<group>";
			versionGroupType = wrapper.xcdatamodel;
		};
/* End XCVersionGroup section */
	};
	rootObject = 41765B5F23D8448C00ADBDF3 /* Project object */;
}
